
Microsoft Visual Studio Solution File, Format Version 12.00
# Visual Studio Version 17
VisualStudioVersion = 17.5.33516.290
MinimumVisualStudioVersion = 10.0.40219.1
Project("{FAE04EC0-301F-11D3-BF4B-00C04F79EFBC}") = "Web", "Web\Web.csproj", "{18B5CEE3-08EE-45B3-83B7-6B4123C479CE}"
EndProject
Project("{FAE04EC0-301F-11D3-BF4B-00C04F79EFBC}") = "Application", "Application\Application.csproj", "{18636451-7FD7-4A9C-B853-52CC4F9F5FEE}"
EndProject
Project("{FAE04EC0-301F-11D3-BF4B-00C04F79EFBC}") = "Domain", "Domain\Domain.csproj", "{19511146-638F-4AA0-B154-5A3B7CC11634}"
EndProject
Project("{FAE04EC0-301F-11D3-BF4B-00C04F79EFBC}") = "infrastructure", "infrastructure\infrastructure.csproj", "{75298149-7903-4B89-AD8B-5ACA98435F56}"
EndProject
Global
	GlobalSection(SolutionConfigurationPlatforms) = preSolution
		Debug|Any CPU = Debug|Any CPU
		Release|Any CPU = Release|Any CPU
	EndGlobalSection
	GlobalSection(ProjectConfigurationPlatforms) = postSolution
		{18B5CEE3-08EE-45B3-83B7-6B4123C479CE}.Debug|Any CPU.ActiveCfg = Debug|Any CPU
		{18B5CEE3-08EE-45B3-83B7-6B4123C479CE}.Debug|Any CPU.Build.0 = Debug|Any CPU
		{18B5CEE3-08EE-45B3-83B7-6B4123C479CE}.Release|Any CPU.ActiveCfg = Release|Any CPU
		{18B5CEE3-08EE-45B3-83B7-6B4123C479CE}.Release|Any CPU.Build.0 = Release|Any CPU
		{18636451-7FD7-4A9C-B853-52CC4F9F5FEE}.Debug|Any CPU.ActiveCfg = Debug|Any CPU
		{18636451-7FD7-4A9C-B853-52CC4F9F5FEE}.Debug|Any CPU.Build.0 = Debug|Any CPU
		{18636451-7FD7-4A9C-B853-52CC4F9F5FEE}.Release|Any CPU.ActiveCfg = Release|Any CPU
		{18636451-7FD7-4A9C-B853-52CC4F9F5FEE}.Release|Any CPU.Build.0 = Release|Any CPU
		{19511146-638F-4AA0-B154-5A3B7CC11634}.Debug|Any CPU.ActiveCfg = Debug|Any CPU
		{19511146-638F-4AA0-B154-5A3B7CC11634}.Debug|Any CPU.Build.0 = Debug|Any CPU
		{19511146-638F-4AA0-B154-5A3B7CC11634}.Release|Any CPU.ActiveCfg = Release|Any CPU
		{19511146-638F-4AA0-B154-5A3B7CC11634}.Release|Any CPU.Build.0 = Release|Any CPU
		{75298149-7903-4B89-AD8B-5ACA98435F56}.Debug|Any CPU.ActiveCfg = Debug|Any CPU
		{75298149-7903-4B89-AD8B-5ACA98435F56}.Debug|Any CPU.Build.0 = Debug|Any CPU
		{75298149-7903-4B89-AD8B-5ACA98435F56}.Release|Any CPU.ActiveCfg = Release|Any CPU
		{75298149-7903-4B89-AD8B-5ACA98435F56}.Release|Any CPU.Build.0 = Release|Any CPU
	EndGlobalSection
	GlobalSection(SolutionProperties) = preSolution
		HideSolutionNode = FALSE
	EndGlobalSection
	GlobalSection(ExtensibilityGlobals) = postSolution
		SolutionGuid = {B1BD091E-4428-4C51-AE02-C3766924C3BB}
	EndGlobalSection
EndGlobal
